
Microsoft Visual Studio Solution File, Format Version 12.00
# Visual Studio Version 17
VisualStudioVersion = 17.2.32526.322
MinimumVisualStudioVersion = 10.0.40219.1
Project("{FAE04EC0-301F-11D3-BF4B-00C04F79EFBC}") = "AddressBookProblem", "AddressBookProblem\AddressBookProblem.csproj", "{5E61E64A-80B6-4BEE-96F1-4AE651F35AAD}"
EndProject
Global
	GlobalSection(SolutionConfigurationPlatforms) = preSolution
		Debug|Any CPU = Debug|Any CPU
		Release|Any CPU = Release|Any CPU
	EndGlobalSection
	GlobalSection(ProjectConfigurationPlatforms) = postSolution
		{5E61E64A-80B6-4BEE-96F1-4AE651F35AAD}.Debug|Any CPU.ActiveCfg = Debug|Any CPU
		{5E61E64A-80B6-4BEE-96F1-4AE651F35AAD}.Debug|Any CPU.Build.0 = Debug|Any CPU
		{5E61E64A-80B6-4BEE-96F1-4AE651F35AAD}.Release|Any CPU.ActiveCfg = Release|Any CPU
		{5E61E64A-80B6-4BEE-96F1-4AE651F35AAD}.Release|Any CPU.Build.0 = Release|Any CPU
	EndGlobalSection
	GlobalSection(SolutionProperties) = preSolution
		HideSolutionNode = FALSE
	EndGlobalSection
	GlobalSection(ExtensibilityGlobals) = postSolution
		SolutionGuid = {B4AE6AF5-BBCB-4485-82E6-A18EB00FB3B4}
	EndGlobalSection
EndGlobal
